
Microsoft Visual Studio Solution File, Format Version 12.00
# Visual Studio Version 16
VisualStudioVersion = 16.0.31410.357
MinimumVisualStudioVersion = 10.0.40219.1
Project("{FAE04EC0-301F-11D3-BF4B-00C04F79EFBC}") = "pipeline", "pipeline\pipeline.csproj", "{87745D60-9D15-4872-BF60-654827C77E94}"
EndProject
Global
	GlobalSection(SolutionConfigurationPlatforms) = preSolution
		Debug|Any CPU = Debug|Any CPU
		Release|Any CPU = Release|Any CPU
	EndGlobalSection
	GlobalSection(ProjectConfigurationPlatforms) = postSolution
		{87745D60-9D15-4872-BF60-654827C77E94}.Debug|Any CPU.ActiveCfg = Debug|Any CPU
		{87745D60-9D15-4872-BF60-654827C77E94}.Debug|Any CPU.Build.0 = Debug|Any CPU
		{87745D60-9D15-4872-BF60-654827C77E94}.Release|Any CPU.ActiveCfg = Release|Any CPU
		{87745D60-9D15-4872-BF60-654827C77E94}.Release|Any CPU.Build.0 = Release|Any CPU
	EndGlobalSection
	GlobalSection(SolutionProperties) = preSolution
		HideSolutionNode = FALSE
	EndGlobalSection
	GlobalSection(ExtensibilityGlobals) = postSolution
		SolutionGuid = {656BB53C-397D-49C8-B86F-3A49894B4F10}
	EndGlobalSection
EndGlobal
